
Microsoft Visual Studio Solution File, Format Version 12.00
# Visual Studio Version 17
VisualStudioVersion = 17.10.34928.147
MinimumVisualStudioVersion = 10.0.40219.1
Project("{FAE04EC0-301F-11D3-BF4B-00C04F79EFBC}") = "Lithicsoft Trainer Studio", "Lithicsoft Trainer Studio.csproj", "{34411AC6-B64D-441C-80D2-E46D97955B63}"
EndProject
Global
	GlobalSection(SolutionConfigurationPlatforms) = preSolution
		Debug|Any CPU = Debug|Any CPU
		Release|Any CPU = Release|Any CPU
	EndGlobalSection
	GlobalSection(ProjectConfigurationPlatforms) = postSolution
		{34411AC6-B64D-441C-80D2-E46D97955B63}.Debug|Any CPU.ActiveCfg = Debug|Any CPU
		{34411AC6-B64D-441C-80D2-E46D97955B63}.Debug|Any CPU.Build.0 = Debug|Any CPU
		{34411AC6-B64D-441C-80D2-E46D97955B63}.Release|Any CPU.ActiveCfg = Release|Any CPU
		{34411AC6-B64D-441C-80D2-E46D97955B63}.Release|Any CPU.Build.0 = Release|Any CPU
	EndGlobalSection
	GlobalSection(SolutionProperties) = preSolution
		HideSolutionNode = FALSE
	EndGlobalSection
	GlobalSection(ExtensibilityGlobals) = postSolution
		SolutionGuid = {CAD2CAC3-BF7F-4295-B523-5BDAA8C1AB2B}
	EndGlobalSection
EndGlobal
